{
  "name": "TaskaV1",
  "version": "1.0.0",
  "lockfileVersion": 1,
  "requires": true,
  "dependencies": {
    "@types/node": {
      "version": "16.18.80",
      "resolved": "https://registry.npmjs.org/@types/node/-/node-16.18.80.tgz",
      "integrity": "sha512-vFxJ1Iyl7A0+xB0uW1r1v504yItKZLdqg/VZELUZ4H02U0bXAgBisSQ8Erf0DMruNFz9ggoiEv6T8Ll9bTg8Jw=="
    },
    "typescript": {
      "version": "4.0.2",
      "resolved": "https://registry.npmjs.org/typescript/-/typescript-4.0.2.tgz",
      "integrity": "sha512-e4ERvRV2wb+rRZ/IQeb3jm2VxBsirQLpQhdxplZ2MEzGvDkkMmPglecnNDfSUBivMjP93vRbngYYDQqQ/78bcQ==",
      "dev": true
    }
  }
}
